// !$*UTF8*$!
{
	archiveVersion = 1;
	classes = {
	};
	objectVersion = 50;
	objects = {

/* Begin PBXBuildFile section */
		22CC1E7021032A12007FE5F3 /* AppDelegate.swift in Sources */ = {isa = PBXBuildFile; fileRef = 22CC1E6F21032A12007FE5F3 /* AppDelegate.swift */; };
		22CC1E7221032A12007FE5F3 /* ViewController.swift in Sources */ = {isa = PBXBuildFile; fileRef = 22CC1E7121032A12007FE5F3 /* ViewController.swift */; };
		22CC1E7521032A12007FE5F3 /* Main.storyboard in Resources */ = {isa = PBXBuildFile; fileRef = 22CC1E7321032A12007FE5F3 /* Main.storyboard */; };
		22CC1E7721032A15007FE5F3 /* Assets.xcassets in Resources */ = {isa = PBXBuildFile; fileRef = 22CC1E7621032A15007FE5F3 /* Assets.xcassets */; };
		22CC1E7A21032A15007FE5F3 /* LaunchScreen.storyboard in Resources */ = {isa = PBXBuildFile; fileRef = 22CC1E7821032A15007FE5F3 /* LaunchScreen.storyboard */; };
		22CC1E8521032A15007FE5F3 /* morse_coderTests.swift in Sources */ = {isa = PBXBuildFile; fileRef = 22CC1E8421032A15007FE5F3 /* morse_coderTests.swift */; };
		22CC1E9021032A15007FE5F3 /* morse_coderUITests.swift in Sources */ = {isa = PBXBuildFile; fileRef = 22CC1E8F21032A15007FE5F3 /* morse_coderUITests.swift */; };
		68C637D7213C2FC800CA0BE9 /* MorseCode.swift in Sources */ = {isa = PBXBuildFile; fileRef = 68C637D6213C2FC800CA0BE9 /* MorseCode.swift */; };
		68C637D9213C58AC00CA0BE9 /* Morse.plist in Resources */ = {isa = PBXBuildFile; fileRef = 68C637D8213C58AC00CA0BE9 /* Morse.plist */; };
		68FC8461213C76B900569D42 /* CleanTextView.swift in Sources */ = {isa = PBXBuildFile; fileRef = 68FC8460213C76B900569D42 /* CleanTextView.swift */; };
		68FC8463213CB0A900569D42 /* di.mp3 in Resources */ = {isa = PBXBuildFile; fileRef = 68FC8462213CB0A800569D42 /* di.mp3 */; };
		68FC8465213CB0AD00569D42 /* dah.mp3 in Resources */ = {isa = PBXBuildFile; fileRef = 68FC8464213CB0AD00569D42 /* dah.mp3 */; };
		68FC8469213CBFE400569D42 /* short_gap.mp3 in Resources */ = {isa = PBXBuildFile; fileRef = 68FC8468213CBFE400569D42 /* short_gap.mp3 */; };
		68FC846B213CBFFE00569D42 /* long_gap.mp3 in Resources */ = {isa = PBXBuildFile; fileRef = 68FC846A213CBFFE00569D42 /* long_gap.mp3 */; };
/* End PBXBuildFile section */

/* Begin PBXContainerItemProxy section */
		22CC1E8121032A15007FE5F3 /* PBXContainerItemProxy */ = {
			isa = PBXContainerItemProxy;
			containerPortal = 22CC1E6421032A12007FE5F3 /* Project object */;
			proxyType = 1;
			remoteGlobalIDString = 22CC1E6B21032A12007FE5F3;
			remoteInfo = "morse-coder";
		};
		22CC1E8C21032A15007FE5F3 /* PBXContainerItemProxy */ = {
			isa = PBXContainerItemProxy;
			containerPortal = 22CC1E6421032A12007FE5F3 /* Project object */;
			proxyType = 1;
			remoteGlobalIDString = 22CC1E6B21032A12007FE5F3;
			remoteInfo = "morse-coder";
		};
/* End PBXContainerItemProxy section */

/* Begin PBXFileReference section */
		22CC1E6C21032A12007FE5F3 /* morse-coder.app */ = {isa = PBXFileReference; explicitFileType = wrapper.application; includeInIndex = 0; path = "morse-coder.app"; sourceTree = BUILT_PRODUCTS_DIR; };
		22CC1E6F21032A12007FE5F3 /* AppDelegate.swift */ = {isa = PBXFileReference; lastKnownFileType = sourcecode.swift; path = AppDelegate.swift; sourceTree = "<group>"; };
		22CC1E7121032A12007FE5F3 /* ViewController.swift */ = {isa = PBXFileReference; lastKnownFileType = sourcecode.swift; path = ViewController.swift; sourceTree = "<group>"; };
		22CC1E7421032A12007FE5F3 /* Base */ = {isa = PBXFileReference; lastKnownFileType = file.storyboard; name = Base; path = Base.lproj/Main.storyboard; sourceTree = "<group>"; };
		22CC1E7621032A15007FE5F3 /* Assets.xcassets */ = {isa = PBXFileReference; lastKnownFileType = folder.assetcatalog; path = Assets.xcassets; sourceTree = "<group>"; };
		22CC1E7921032A15007FE5F3 /* Base */ = {isa = PBXFileReference; lastKnownFileType = file.storyboard; name = Base; path = Base.lproj/LaunchScreen.storyboard; sourceTree = "<group>"; };
		22CC1E7B21032A15007FE5F3 /* Info.plist */ = {isa = PBXFileReference; lastKnownFileType = text.plist.xml; path = Info.plist; sourceTree = "<group>"; };
		22CC1E8021032A15007FE5F3 /* morse-coderTests.xctest */ = {isa = PBXFileReference; explicitFileType = wrapper.cfbundle; includeInIndex = 0; path = "morse-coderTests.xctest"; sourceTree = BUILT_PRODUCTS_DIR; };
		22CC1E8421032A15007FE5F3 /* morse_coderTests.swift */ = {isa = PBXFileReference; lastKnownFileType = sourcecode.swift; path = morse_coderTests.swift; sourceTree = "<group>"; };
		22CC1E8621032A15007FE5F3 /* Info.plist */ = {isa = PBXFileReference; lastKnownFileType = text.plist.xml; path = Info.plist; sourceTree = "<group>"; };
		22CC1E8B21032A15007FE5F3 /* morse-coderUITests.xctest */ = {isa = PBXFileReference; explicitFileType = wrapper.cfbundle; includeInIndex = 0; path = "morse-coderUITests.xctest"; sourceTree = BUILT_PRODUCTS_DIR; };
		22CC1E8F21032A15007FE5F3 /* morse_coderUITests.swift */ = {isa = PBXFileReference; lastKnownFileType = sourcecode.swift; path = morse_coderUITests.swift; sourceTree = "<group>"; };
		22CC1E9121032A15007FE5F3 /* Info.plist */ = {isa = PBXFileReference; lastKnownFileType = text.plist.xml; path = Info.plist; sourceTree = "<group>"; };
		68C637D6213C2FC800CA0BE9 /* MorseCode.swift */ = {isa = PBXFileReference; lastKnownFileType = sourcecode.swift; path = MorseCode.swift; sourceTree = "<group>"; };
		68C637D8213C58AC00CA0BE9 /* Morse.plist */ = {isa = PBXFileReference; lastKnownFileType = text.plist.xml; path = Morse.plist; sourceTree = "<group>"; };
		68FC8460213C76B900569D42 /* CleanTextView.swift */ = {isa = PBXFileReference; lastKnownFileType = sourcecode.swift; path = CleanTextView.swift; sourceTree = "<group>"; };
		68FC8462213CB0A800569D42 /* di.mp3 */ = {isa = PBXFileReference; lastKnownFileType = audio.mp3; path = di.mp3; sourceTree = "<group>"; };
		68FC8464213CB0AD00569D42 /* dah.mp3 */ = {isa = PBXFileReference; lastKnownFileType = audio.mp3; path = dah.mp3; sourceTree = "<group>"; };
		68FC8468213CBFE400569D42 /* short_gap.mp3 */ = {isa = PBXFileReference; lastKnownFileType = audio.mp3; path = short_gap.mp3; sourceTree = "<group>"; };
		68FC846A213CBFFE00569D42 /* long_gap.mp3 */ = {isa = PBXFileReference; lastKnownFileType = audio.mp3; path = long_gap.mp3; sourceTree = "<group>"; };
/* End PBXFileReference section */

/* Begin PBXFrameworksBuildPhase section */
		22CC1E6921032A12007FE5F3 /* Frameworks */ = {
			isa = PBXFrameworksBuildPhase;
			buildActionMask = 2147483647;
			files = (
			);
			runOnlyForDeploymentPostprocessing = 0;
		};
		22CC1E7D21032A15007FE5F3 /* Frameworks */ = {
			isa = PBXFrameworksBuildPhase;
			buildActionMask = 2147483647;
			files = (
			);
			runOnlyForDeploymentPostprocessing = 0;
		};
		22CC1E8821032A15007FE5F3 /* Frameworks */ = {
			isa = PBXFrameworksBuildPhase;
			buildActionMask = 2147483647;
			files = (
			);
			runOnlyForDeploymentPostprocessing = 0;
		};
/* End PBXFrameworksBuildPhase section */

/* Begin PBXGroup section */
		22CC1E6321032A12007FE5F3 = {
			isa = PBXGroup;
			children = (
				22CC1E6E21032A12007FE5F3 /* morse-coder */,
				22CC1E8321032A15007FE5F3 /* morse-coderTests */,
				22CC1E8E21032A15007FE5F3 /* morse-coderUITests */,
				22CC1E6D21032A12007FE5F3 /* Products */,
			);
			sourceTree = "<group>";
		};
		22CC1E6D21032A12007FE5F3 /* Products */ = {
			isa = PBXGroup;
			children = (
				22CC1E6C21032A12007FE5F3 /* morse-coder.app */,
				22CC1E8021032A15007FE5F3 /* morse-coderTests.xctest */,
				22CC1E8B21032A15007FE5F3 /* morse-coderUITests.xctest */,
			);
			name = Products;
			sourceTree = "<group>";
		};
		22CC1E6E21032A12007FE5F3 /* morse-coder */ = {
			isa = PBXGroup;
			children = (
				22CC1E6F21032A12007FE5F3 /* AppDelegate.swift */,
				22CC1E7121032A12007FE5F3 /* ViewController.swift */,
				68C637D6213C2FC800CA0BE9 /* MorseCode.swift */,
				22CC1E7321032A12007FE5F3 /* Main.storyboard */,
				68FC8460213C76B900569D42 /* CleanTextView.swift */,
				22CC1E7621032A15007FE5F3 /* Assets.xcassets */,
				22CC1E7821032A15007FE5F3 /* LaunchScreen.storyboard */,
				22CC1E7B21032A15007FE5F3 /* Info.plist */,
				68C637D8213C58AC00CA0BE9 /* Morse.plist */,
				68FC8462213CB0A800569D42 /* di.mp3 */,
				68FC8464213CB0AD00569D42 /* dah.mp3 */,
				68FC8468213CBFE400569D42 /* short_gap.mp3 */,
				68FC846A213CBFFE00569D42 /* long_gap.mp3 */,
			);
			path = "morse-coder";
			sourceTree = "<group>";
		};
		22CC1E8321032A15007FE5F3 /* morse-coderTests */ = {
			isa = PBXGroup;
			children = (
				22CC1E8421032A15007FE5F3 /* morse_coderTests.swift */,
				22CC1E8621032A15007FE5F3 /* Info.plist */,
			);
			path = "morse-coderTests";
			sourceTree = "<group>";
		};
		22CC1E8E21032A15007FE5F3 /* morse-coderUITests */ = {
			isa = PBXGroup;
			children = (
				22CC1E8F21032A15007FE5F3 /* morse_coderUITests.swift */,
				22CC1E9121032A15007FE5F3 /* Info.plist */,
			);
			path = "morse-coderUITests";
			sourceTree = "<group>";
		};
/* End PBXGroup section */

/* Begin PBXNativeTarget section */
		22CC1E6B21032A12007FE5F3 /* morse-coder */ = {
			isa = PBXNativeTarget;
			buildConfigurationList = 22CC1E9421032A15007FE5F3 /* Build configuration list for PBXNativeTarget "morse-coder" */;
			buildPhases = (
				22CC1E6821032A12007FE5F3 /* Sources */,
				22CC1E6921032A12007FE5F3 /* Frameworks */,
				22CC1E6A21032A12007FE5F3 /* Resources */,
			);
			buildRules = (
			);
			dependencies = (
			);
			name = "morse-coder";
			productName = "morse-coder";
			productReference = 22CC1E6C21032A12007FE5F3 /* morse-coder.app */;
			productType = "com.apple.product-type.application";
		};
		22CC1E7F21032A15007FE5F3 /* morse-coderTests */ = {
			isa = PBXNativeTarget;
			buildConfigurationList = 22CC1E9721032A15007FE5F3 /* Build configuration list for PBXNativeTarget "morse-coderTests" */;
			buildPhases = (
				22CC1E7C21032A15007FE5F3 /* Sources */,
				22CC1E7D21032A15007FE5F3 /* Frameworks */,
				22CC1E7E21032A15007FE5F3 /* Resources */,
			);
			buildRules = (
			);
			dependencies = (
				22CC1E8221032A15007FE5F3 /* PBXTargetDependency */,
			);
			name = "morse-coderTests";
			productName = "morse-coderTests";
			productReference = 22CC1E8021032A15007FE5F3 /* morse-coderTests.xctest */;
			productType = "com.apple.product-type.bundle.unit-test";
		};
		22CC1E8A21032A15007FE5F3 /* morse-coderUITests */ = {
			isa = PBXNativeTarget;
			buildConfigurationList = 22CC1E9A21032A15007FE5F3 /* Build configuration list for PBXNativeTarget "morse-coderUITests" */;
			buildPhases = (
				22CC1E8721032A15007FE5F3 /* Sources */,
				22CC1E8821032A15007FE5F3 /* Frameworks */,
				22CC1E8921032A15007FE5F3 /* Resources */,
			);
			buildRules = (
			);
			dependencies = (
				22CC1E8D21032A15007FE5F3 /* PBXTargetDependency */,
			);
			name = "morse-coderUITests";
			productName = "morse-coderUITests";
			productReference = 22CC1E8B21032A15007FE5F3 /* morse-coderUITests.xctest */;
			productType = "com.apple.product-type.bundle.ui-testing";
		};
/* End PBXNativeTarget section */

/* Begin PBXProject section */
		22CC1E6421032A12007FE5F3 /* Project object */ = {
			isa = PBXProject;
			attributes = {
				LastSwiftUpdateCheck = 0940;
				LastUpgradeCheck = 0940;
				ORGANIZATIONNAME = mc;
				TargetAttributes = {
					22CC1E6B21032A12007FE5F3 = {
						CreatedOnToolsVersion = 9.4.1;
					};
					22CC1E7F21032A15007FE5F3 = {
						CreatedOnToolsVersion = 9.4.1;
						TestTargetID = 22CC1E6B21032A12007FE5F3;
					};
					22CC1E8A21032A15007FE5F3 = {
						CreatedOnToolsVersion = 9.4.1;
						TestTargetID = 22CC1E6B21032A12007FE5F3;
					};
				};
			};
			buildConfigurationList = 22CC1E6721032A12007FE5F3 /* Build configuration list for PBXProject "morse-coder" */;
			compatibilityVersion = "Xcode 9.3";
			developmentRegion = en;
			hasScannedForEncodings = 0;
			knownRegions = (
				en,
				Base,
			);
			mainGroup = 22CC1E6321032A12007FE5F3;
			productRefGroup = 22CC1E6D21032A12007FE5F3 /* Products */;
			projectDirPath = "";
			projectRoot = "";
			targets = (
				22CC1E6B21032A12007FE5F3 /* morse-coder */,
				22CC1E7F21032A15007FE5F3 /* morse-coderTests */,
				22CC1E8A21032A15007FE5F3 /* morse-coderUITests */,
			);
		};
/* End PBXProject section */

/* Begin PBXResourcesBuildPhase section */
		22CC1E6A21032A12007FE5F3 /* Resources */ = {
			isa = PBXResourcesBuildPhase;
			buildActionMask = 2147483647;
			files = (
				68FC8465213CB0AD00569D42 /* dah.mp3 in Resources */,
				68FC846B213CBFFE00569D42 /* long_gap.mp3 in Resources */,
				68FC8463213CB0A900569D42 /* di.mp3 in Resources */,
				22CC1E7A21032A15007FE5F3 /* LaunchScreen.storyboard in Resources */,
				22CC1E7721032A15007FE5F3 /* Assets.xcassets in Resources */,
				22CC1E7521032A12007FE5F3 /* Main.storyboard in Resources */,
				68FC8469213CBFE400569D42 /* short_gap.mp3 in Resources */,
				68C637D9213C58AC00CA0BE9 /* Morse.plist in Resources */,
			);
			runOnlyForDeploymentPostprocessing = 0;
		};
		22CC1E7E21032A15007FE5F3 /* Resources */ = {
			isa = PBXResourcesBuildPhase;
			buildActionMask = 2147483647;
			files = (
			);
			runOnlyForDeploymentPostprocessing = 0;
		};
		22CC1E8921032A15007FE5F3 /* Resources */ = {
			isa = PBXResourcesBuildPhase;
			buildActionMask = 2147483647;
			files = (
			);
			runOnlyForDeploymentPostprocessing = 0;
		};
/* End PBXResourcesBuildPhase section */

/* Begin PBXSourcesBuildPhase section */
		22CC1E6821032A12007FE5F3 /* Sources */ = {
			isa = PBXSourcesBuildPhase;
			buildActionMask = 2147483647;
			files = (
				22CC1E7221032A12007FE5F3 /* ViewController.swift in Sources */,
				68FC8461213C76B900569D42 /* CleanTextView.swift in Sources */,
				68C637D7213C2FC800CA0BE9 /* MorseCode.swift in Sources */,
				22CC1E7021032A12007FE5F3 /* AppDelegate.swift in Sources */,
			);
			runOnlyForDeploymentPostprocessing = 0;
		};
		22CC1E7C21032A15007FE5F3 /* Sources */ = {
			isa = PBXSourcesBuildPhase;
			buildActionMask = 2147483647;
			files = (
				22CC1E8521032A15007FE5F3 /* morse_coderTests.swift in Sources */,
			);
			runOnlyForDeploymentPostprocessing = 0;
		};
		22CC1E8721032A15007FE5F3 /* Sources */ = {
			isa = PBXSourcesBuildPhase;
			buildActionMask = 2147483647;
			files = (
				22CC1E9021032A15007FE5F3 /* morse_coderUITests.swift in Sources */,
			);
			runOnlyForDeploymentPostprocessing = 0;
		};
/* End PBXSourcesBuildPhase section */

/* Begin PBXTargetDependency section */
		22CC1E8221032A15007FE5F3 /* PBXTargetDependency */ = {
			isa = PBXTargetDependency;
			target = 22CC1E6B21032A12007FE5F3 /* morse-coder */;
			targetProxy = 22CC1E8121032A15007FE5F3 /* PBXContainerItemProxy */;
		};
		22CC1E8D21032A15007FE5F3 /* PBXTargetDependency */ = {
			isa = PBXTargetDependency;
			target = 22CC1E6B21032A12007FE5F3 /* morse-coder */;
			targetProxy = 22CC1E8C21032A15007FE5F3 /* PBXContainerItemProxy */;
		};
/* End PBXTargetDependency section */

/* Begin PBXVariantGroup section */
		22CC1E7321032A12007FE5F3 /* Main.storyboard */ = {
			isa = PBXVariantGroup;
			children = (
				22CC1E7421032A12007FE5F3 /* Base */,
			);
			name = Main.storyboard;
			sourceTree = "<group>";
		};
		22CC1E7821032A15007FE5F3 /* LaunchScreen.storyboard */ = {
			isa = PBXVariantGroup;
			children = (
				22CC1E7921032A15007FE5F3 /* Base */,
			);
			name = LaunchScreen.storyboard;
			sourceTree = "<group>";
		};
/* End PBXVariantGroup section */

/* Begin XCBuildConfiguration section */
		22CC1E9221032A15007FE5F3 /* Debug */ = {
			isa = XCBuildConfiguration;
			buildSettings = {
				ALWAYS_SEARCH_USER_PATHS = NO;
				CLANG_ANALYZER_NONNULL = YES;
				CLANG_ANALYZER_NUMBER_OBJECT_CONVERSION = YES_AGGRESSIVE;
				CLANG_CXX_LANGUAGE_STANDARD = "gnu++14";
				CLANG_CXX_LIBRARY = "libc++";
				CLANG_ENABLE_MODULES = YES;
				CLANG_ENABLE_OBJC_ARC = YES;
				CLANG_ENABLE_OBJC_WEAK = YES;
				CLANG_WARN_BLOCK_CAPTURE_AUTORELEASING = YES;
				CLANG_WARN_BOOL_CONVERSION = YES;
				CLANG_WARN_COMMA = YES;
				CLANG_WARN_CONSTANT_CONVERSION = YES;
				CLANG_WARN_DEPRECATED_OBJC_IMPLEMENTATIONS = YES;
				CLANG_WARN_DIRECT_OBJC_ISA_USAGE = YES_ERROR;
				CLANG_WARN_DOCUMENTATION_COMMENTS = YES;
				CLANG_WARN_EMPTY_BODY = YES;
				CLANG_WARN_ENUM_CONVERSION = YES;
				CLANG_WARN_INFINITE_RECURSION = YES;
				CLANG_WARN_INT_CONVERSION = YES;
				CLANG_WARN_NON_LITERAL_NULL_CONVERSION = YES;
				CLANG_WARN_OBJC_IMPLICIT_RETAIN_SELF = YES;
				CLANG_WARN_OBJC_LITERAL_CONVERSION = YES;
				CLANG_WARN_OBJC_ROOT_CLASS = YES_ERROR;
				CLANG_WARN_RANGE_LOOP_ANALYSIS = YES;
				CLANG_WARN_STRICT_PROTOTYPES = YES;
				CLANG_WARN_SUSPICIOUS_MOVE = YES;
				CLANG_WARN_UNGUARDED_AVAILABILITY = YES_AGGRESSIVE;
				CLANG_WARN_UNREACHABLE_CODE = YES;
				CLANG_WARN__DUPLICATE_METHOD_MATCH = YES;
				CODE_SIGN_IDENTITY = "iPhone Developer";
				COPY_PHASE_STRIP = NO;
				DEBUG_INFORMATION_FORMAT = dwarf;
				ENABLE_STRICT_OBJC_MSGSEND = YES;
				ENABLE_TESTABILITY = YES;
				GCC_C_LANGUAGE_STANDARD = gnu11;
				GCC_DYNAMIC_NO_PIC = NO;
				GCC_NO_COMMON_BLOCKS = YES;
				GCC_OPTIMIZATION_LEVEL = 0;
				GCC_PREPROCESSOR_DEFINITIONS = (
					"DEBUG=1",
					"$(inherited)",
				);
				GCC_WARN_64_TO_32_BIT_CONVERSION = YES;
				GCC_WARN_ABOUT_RETURN_TYPE = YES_ERROR;
				GCC_WARN_UNDECLARED_SELECTOR = YES;
				GCC_WARN_UNINITIALIZED_AUTOS = YES_AGGRESSIVE;
				GCC_WARN_UNUSED_FUNCTION = YES;
				GCC_WARN_UNUSED_VARIABLE = YES;
				IPHONEOS_DEPLOYMENT_TARGET = 11.4;
				MTL_ENABLE_DEBUG_INFO = YES;
				ONLY_ACTIVE_ARCH = YES;
				SDKROOT = iphoneos;
				SWIFT_ACTIVE_COMPILATION_CONDITIONS = DEBUG;
				SWIFT_OPTIMIZATION_LEVEL = "-Onone";
			};
			name = Debug;
		};
		22CC1E9321032A15007FE5F3 /* Release */ = {
			isa = XCBuildConfiguration;
			buildSettings = {
				ALWAYS_SEARCH_USER_PATHS = NO;
				CLANG_ANALYZER_NONNULL = YES;
				CLANG_ANALYZER_NUMBER_OBJECT_CONVERSION = YES_AGGRESSIVE;
				CLANG_CXX_LANGUAGE_STANDARD = "gnu++14";
				CLANG_CXX_LIBRARY = "libc++";
				CLANG_ENABLE_MODULES = YES;
				CLANG_ENABLE_OBJC_ARC = YES;
				CLANG_ENABLE_OBJC_WEAK = YES;
				CLANG_WARN_BLOCK_CAPTURE_AUTORELEASING = YES;
				CLANG_WARN_BOOL_CONVERSION = YES;
				CLANG_WARN_COMMA = YES;
				CLANG_WARN_CONSTANT_CONVERSION = YES;
				CLANG_WARN_DEPRECATED_OBJC_IMPLEMENTATIONS = YES;
				CLANG_WARN_DIRECT_OBJC_ISA_USAGE = YES_ERROR;
				CLANG_WARN_DOCUMENTATION_COMMENTS = YES;
				CLANG_WARN_EMPTY_BODY = YES;
				CLANG_WARN_ENUM_CONVERSION = YES;
				CLANG_WARN_INFINITE_RECURSION = YES;
				CLANG_WARN_INT_CONVERSION = YES;
				CLANG_WARN_NON_LITERAL_NULL_CONVERSION = YES;
				CLANG_WARN_OBJC_IMPLICIT_RETAIN_SELF = YES;
				CLANG_WARN_OBJC_LITERAL_CONVERSION = YES;
				CLANG_WARN_OBJC_ROOT_CLASS = YES_ERROR;
				CLANG_WARN_RANGE_LOOP_ANALYSIS = YES;
				CLANG_WARN_STRICT_PROTOTYPES = YES;
				CLANG_WARN_SUSPICIOUS_MOVE = YES;
				CLANG_WARN_UNGUARDED_AVAILABILITY = YES_AGGRESSIVE;
				CLANG_WARN_UNREACHABLE_CODE = YES;
				CLANG_WARN__DUPLICATE_METHOD_MATCH = YES;
				CODE_SIGN_IDENTITY = "iPhone Developer";
				COPY_PHASE_STRIP = NO;
				DEBUG_INFORMATION_FORMAT = "dwarf-with-dsym";
				ENABLE_NS_ASSERTIONS = NO;
				ENABLE_STRICT_OBJC_MSGSEND = YES;
				GCC_C_LANGUAGE_STANDARD = gnu11;
				GCC_NO_COMMON_BLOCKS = YES;
				GCC_WARN_64_TO_32_BIT_CONVERSION = YES;
				GCC_WARN_ABOUT_RETURN_TYPE = YES_ERROR;
				GCC_WARN_UNDECLARED_SELECTOR = YES;
				GCC_WARN_UNINITIALIZED_AUTOS = YES_AGGRESSIVE;
				GCC_WARN_UNUSED_FUNCTION = YES;
				GCC_WARN_UNUSED_VARIABLE = YES;
				IPHONEOS_DEPLOYMENT_TARGET = 11.4;
				MTL_ENABLE_DEBUG_INFO = NO;
				SDKROOT = iphoneos;
				SWIFT_COMPILATION_MODE = wholemodule;
				SWIFT_OPTIMIZATION_LEVEL = "-O";
				VALIDATE_PRODUCT = YES;
			};
			name = Release;
		};
		22CC1E9521032A15007FE5F3 /* Debug */ = {
			isa = XCBuildConfiguration;
			buildSettings = {
				ASSETCATALOG_COMPILER_APPICON_NAME = AppIcon;
				CODE_SIGN_STYLE = Automatic;
				DEVELOPMENT_TEAM = W5M5K2W3PT;
				INFOPLIST_FILE = "morse-coder/Info.plist";
				LD_RUNPATH_SEARCH_PATHS = (
					"$(inherited)",
					"@executable_path/Frameworks",
				);
				PRODUCT_BUNDLE_IDENTIFIER = "mc.morse-coder";
				PRODUCT_NAME = "$(TARGET_NAME)";
				SWIFT_VERSION = 4.0;
				TARGETED_DEVICE_FAMILY = "1,2";
			};
			name = Debug;
		};
		22CC1E9621032A15007FE5F3 /* Release */ = {
			isa = XCBuildConfiguration;
			buildSettings = {
				ASSETCATALOG_COMPILER_APPICON_NAME = AppIcon;
				CODE_SIGN_STYLE = Automatic;
				DEVELOPMENT_TEAM = W5M5K2W3PT;
				INFOPLIST_FILE = "morse-coder/Info.plist";
				LD_RUNPATH_SEARCH_PATHS = (
					"$(inherited)",
					"@executable_path/Frameworks",
				);
				PRODUCT_BUNDLE_IDENTIFIER = "mc.morse-coder";
				PRODUCT_NAME = "$(TARGET_NAME)";
				SWIFT_VERSION = 4.0;
				TARGETED_DEVICE_FAMILY = "1,2";
			};
			name = Release;
		};
		22CC1E9821032A15007FE5F3 /* Debug */ = {
			isa = XCBuildConfiguration;
			buildSettings = {
				ALWAYS_EMBED_SWIFT_STANDARD_LIBRARIES = YES;
				BUNDLE_LOADER = "$(TEST_HOST)";
				CODE_SIGN_STYLE = Automatic;
				DEVELOPMENT_TEAM = W5M5K2W3PT;
				INFOPLIST_FILE = "morse-coderTests/Info.plist";
				LD_RUNPATH_SEARCH_PATHS = (
					"$(inherited)",
					"@executable_path/Frameworks",
					"@loader_path/Frameworks",
				);
				PRODUCT_BUNDLE_IDENTIFIER = "mc.morse-coderTests";
				PRODUCT_NAME = "$(TARGET_NAME)";
				SWIFT_VERSION = 4.0;
				TARGETED_DEVICE_FAMILY = "1,2";
				TEST_HOST = "$(BUILT_PRODUCTS_DIR)/morse-coder.app/morse-coder";
			};
			name = Debug;
		};
		22CC1E9921032A15007FE5F3 /* Release */ = {
			isa = XCBuildConfiguration;
			buildSettings = {
				ALWAYS_EMBED_SWIFT_STANDARD_LIBRARIES = YES;
				BUNDLE_LOADER = "$(TEST_HOST)";
				CODE_SIGN_STYLE = Automatic;
				DEVELOPMENT_TEAM = W5M5K2W3PT;
				INFOPLIST_FILE = "morse-coderTests/Info.plist";
				LD_RUNPATH_SEARCH_PATHS = (
					"$(inherited)",
					"@executable_path/Frameworks",
					"@loader_path/Frameworks",
				);
				PRODUCT_BUNDLE_IDENTIFIER = "mc.morse-coderTests";
				PRODUCT_NAME = "$(TARGET_NAME)";
				SWIFT_VERSION = 4.0;
				TARGETED_DEVICE_FAMILY = "1,2";
				TEST_HOST = "$(BUILT_PRODUCTS_DIR)/morse-coder.app/morse-coder";
			};
			name = Release;
		};
		22CC1E9B21032A15007FE5F3 /* Debug */ = {
			isa = XCBuildConfiguration;
			buildSettings = {
				ALWAYS_EMBED_SWIFT_STANDARD_LIBRARIES = YES;
				CODE_SIGN_STYLE = Automatic;
				DEVELOPMENT_TEAM = W5M5K2W3PT;
				INFOPLIST_FILE = "morse-coderUITests/Info.plist";
				LD_RUNPATH_SEARCH_PATHS = (
					"$(inherited)",
					"@executable_path/Frameworks",
					"@loader_path/Frameworks",
				);
				PRODUCT_BUNDLE_IDENTIFIER = "mc.morse-coderUITests";
				PRODUCT_NAME = "$(TARGET_NAME)";
				SWIFT_VERSION = 4.0;
				TARGETED_DEVICE_FAMILY = "1,2";
				TEST_TARGET_NAME = "morse-coder";
			};
			name = Debug;
		};
		22CC1E9C21032A15007FE5F3 /* Release */ = {
			isa = XCBuildConfiguration;
			buildSettings = {
				ALWAYS_EMBED_SWIFT_STANDARD_LIBRARIES = YES;
				CODE_SIGN_STYLE = Automatic;
				DEVELOPMENT_TEAM = W5M5K2W3PT;
				INFOPLIST_FILE = "morse-coderUITests/Info.plist";
				LD_RUNPATH_SEARCH_PATHS = (
					"$(inherited)",
					"@executable_path/Frameworks",
					"@loader_path/Frameworks",
				);
				PRODUCT_BUNDLE_IDENTIFIER = "mc.morse-coderUITests";
				PRODUCT_NAME = "$(TARGET_NAME)";
				SWIFT_VERSION = 4.0;
				TARGETED_DEVICE_FAMILY = "1,2";
				TEST_TARGET_NAME = "morse-coder";
			};
			name = Release;
		};
/* End XCBuildConfiguration section */

/* Begin XCConfigurationList section */
		22CC1E6721032A12007FE5F3 /* Build configuration list for PBXProject "morse-coder" */ = {
			isa = XCConfigurationList;
			buildConfigurations = (
				22CC1E9221032A15007FE5F3 /* Debug */,
				22CC1E9321032A15007FE5F3 /* Release */,
			);
			defaultConfigurationIsVisible = 0;
			defaultConfigurationName = Release;
		};
		22CC1E9421032A15007FE5F3 /* Build configuration list for PBXNativeTarget "morse-coder" */ = {
			isa = XCConfigurationList;
			buildConfigurations = (
				22CC1E9521032A15007FE5F3 /* Debug */,
				22CC1E9621032A15007FE5F3 /* Release */,
			);
			defaultConfigurationIsVisible = 0;
			defaultConfigurationName = Release;
		};
		22CC1E9721032A15007FE5F3 /* Build configuration list for PBXNativeTarget "morse-coderTests" */ = {
			isa = XCConfigurationList;
			buildConfigurations = (
				22CC1E9821032A15007FE5F3 /* Debug */,
				22CC1E9921032A15007FE5F3 /* Release */,
			);
			defaultConfigurationIsVisible = 0;
			defaultConfigurationName = Release;
		};
		22CC1E9A21032A15007FE5F3 /* Build configuration list for PBXNativeTarget "morse-coderUITests" */ = {
			isa = XCConfigurationList;
			buildConfigurations = (
				22CC1E9B21032A15007FE5F3 /* Debug */,
				22CC1E9C21032A15007FE5F3 /* Release */,
			);
			defaultConfigurationIsVisible = 0;
			defaultConfigurationName = Release;
		};
/* End XCConfigurationList section */
	};
	rootObject = 22CC1E6421032A12007FE5F3 /* Project object */;
}
